github.com/Arceliar/ironwood v0.0.0-20260117132459-7017dbc41d8e h1:s7MuhcZu2hNfVvYLT4cKnQt7pZ1+z6eL2E48YlaAqzY=
github.com/Arceliar/ironwood v0.0.0-20260117132459-7017dbc41d8e/go.mod h1:SrrElc3FFMpYCODSr11jWbLFeOM8WsY+DbDY/l2AXF0=
github.com/Arceliar/phony v0.0.0-20220903101357-530938a4b13d h1:UK9fsWbWqwIQkMCz1CP+v5pGbsGoWAw6g4AyvMpm1EM=
github.com/Arceliar/phony v0.0.0-20220903101357-530938a4b13d/go.mod h1:BCnxhRf47C/dy/e/D2pmB8NkB3dQVIrkD98b220rx5Q=
github.com/asciimoth/bufpool v0.3.0 h1:tQMop/kZ3eOLSorM9i0cqtOIpxWQUroGZ6oNk5DTnQc=
github.com/asciimoth/bufpool v0.3.0/go.mod h1:JV6H4hpj2bCS5Svr0wNqR+XOZFOOkdXfNZxCjm/3QHw=
github.com/asciimoth/gonnect v0.19.0 h1:j4huh4I3i8vG/UZCSDDPtrFea20lY7jc4Cz6JQ+yXY0=
github.com/asciimoth/gonnect v0.19.0/go.mod h1:CohhruGEkUgKLF0ypR/RNFrdrqmJgUkKhvjMilED9Kk=
github.com/asciimoth/gonnect-netstack v0.4.20 h1:Zc84PAaHwNCqUtc2mE8v1tOhcfRFyyM6t2yNFL+XUlc=
github.com/asciimoth/gonnect-netstack v0.4.20/go.mod h1:Ub+D7j9fQaVw7TK6o7+a5QOtnLBq3NhMcu/fTpAjltg=
github.com/asciimoth/irca v0.2.0 h1:WqOo5uXlbusY3aVIWP2+S4+pzHZbqsbu41Upi/7m/pw=
github.com/asciimoth/irca v0.2.0/go.mod h1:0mZkrhJ9zvtGU7l1K0W8SckN6LF2i5epFjJTMooaV6E=
github.com/asciimoth/mnlib v0.2.6 h1:rU5icwTYC2dfiEcOWmYUJfXEmZYnspVpvoMblkRBQTc=
github.com/asciimoth/mnlib v0.2.6/go.mod h1:8qa/aS0IG0AZ6tFpi0jXN+NOMHZE4o13ZMDyx3PTLpA=
github.com/bits-and-blooms/bitset v1.24.2/go.mod h1:7hO7Gc7Pp1vODcmWvKMRA9BNmbv6a/7QIWpPxHddWR8=
github.com/bits-and-blooms/bitset v1.24.4 h1:95H15Og1clikBrKr/DuzMXkQzECs1M6hhoGXLwLQOZE=
github.com/bits-and-blooms/bitset v1.24.4/go.mod h1:7hO7Gc7Pp1vODcmWvKMRA9BNmbv6a/7QIWpPxHddWR8=
github.com/bits-and-blooms/bloom/v3 v3.7.1 h1:WXovk4TRKZttAMJfoQx6K2DM0zNIt8w+c67UqO+etV0=
github.com/bits-and-blooms/bloom/v3 v3.7.1/go.mod h1:rZzYLLje2dfzXfAkJNxQQHsKurAyK55KUnL43Euk0hU=
github.com/coder/websocket v1.8.14 h1:9L0p0iKiNOibykf283eHkKUHHrpG7f65OE3BhhO7v9g=
github.com/coder/websocket v1.8.14/go.mod h1:NX3SzP+inril6yawo5CQXx8+fk145lPDC6pumgx0mVg=
github.com/google/btree v1.1.2 h1:xf4v41cLI2Z6FxbKm+8Bu+m8ifhj15JuZ9sa0jZCMUU=
github.com/google/btree v1.1.2/go.mod h1:qOPhT0dTNdNzV6Z/lhRX0YXUafgPLFUh+gZMl761Gm4=
github.com/google/go-cmp v0.7.0 h1:wk8382ETsv4JYUZwIsn6YpYiWiBsYLSJiTsyBybVuN8=
github.com/google/go-cmp v0.7.0/go.mod h1:pXiqmnSA92OHEEa9HXL2W4E7lf9JzCmGVUdgjX3N/iU=
github.com/hjson/hjson-go/v4 v4.6.0 h1:16e6ViyVfAANKsXo/46h8szUADez7FJs67xl/l+KHS4=
github.com/hjson/hjson-go/v4 v4.6.0/go.mod h1:4zx6c7Y0vWcm8IRyVoQJUHAPJLXLvbG6X8nk1RLigSo=
github.com/miekg/dns v1.1.72 h1:vhmr+TF2A3tuoGNkLDFK9zi36F2LS+hKTRW0Uf8kbzI=
github.com/miekg/dns v1.1.72/go.mod h1:+EuEPhdHOsfk6Wk5TT2CzssZdqkmFhf8r+aVyDEToIs=
github.com/twmb/murmur3 v1.1.8 h1:8Yt9taO/WN3l08xErzjeschgZU2QSrwm1kclYq+0aRg=
github.com/twmb/murmur3 v1.1.8/go.mod h1:Qq/R7NUyOfr65zD+6Q5IHKsJLwP7exErjN6lyyq3OSQ=
golang.org/x/crypto v0.51.0 h1:IBPXwPfKxY7cWQZ38ZCIRPI50YLeevDLlLnyC5wRGTI=
golang.org/x/crypto v0.51.0/go.mod h1:8AdwkbraGNABw2kOX6YFPs3WM22XqI4EXEd8g+x7Oc8=
golang.org/x/exp v0.0.0-20231110203233-9a3e6036ecaa h1:FRnLl4eNAQl8hwxVVC17teOw8kdjVDVAiFMtgUdTSRQ=
golang.org/x/exp v0.0.0-20231110203233-9a3e6036ecaa/go.mod h1:zk2irFbV9DP96SEBUUAy67IdHUaZuSnrz1n472HUCLE=
golang.org/x/mod v0.35.0 h1:Ww1D637e6Pg+Zb2KrWfHQUnH2dQRLBQyAtpr/haaJeM=
golang.org/x/mod v0.35.0/go.mod h1:+GwiRhIInF8wPm+4AoT6L0FA1QWAad3OMdTRx4tFYlU=
golang.org/x/net v0.54.0 h1:2zJIZAxAHV/OHCDTCOHAYehQzLfSXuf/5SoL/Dv6w/w=
golang.org/x/net v0.54.0/go.mod h1:Sj4oj8jK6XmHpBZU/zWHw3BV3abl4Kvi+Ut7cQcY+cQ=
golang.org/x/sync v0.20.0 h1:e0PTpb7pjO8GAtTs2dQ6jYa5BWYlMuX047Dco/pItO4=
golang.org/x/sync v0.20.0/go.mod h1:9xrNwdLfx4jkKbNva9FpL6vEN7evnE43NNNJQ2LF3+0=
golang.org/x/sys v0.44.0 h1:ildZl3J4uzeKP07r2F++Op7E9B29JRUy+a27EibtBTQ=
golang.org/x/sys v0.44.0/go.mod h1:4GL1E5IUh+htKOUEOaiffhrAeqysfVGipDYzABqnCmw=
golang.org/x/text v0.37.0 h1:Cqjiwd9eSg8e0QAkyCaQTNHFIIzWtidPahFWR83rTrc=
golang.org/x/text v0.37.0/go.mod h1:a5sjxXGs9hsn/AJVwuElvCAo9v8QYLzvavO5z2PiM38=
golang.org/x/time v0.12.0 h1:ScB/8o8olJvc+CQPWrK3fPZNfh7qgwCrY0zJmoEQLSE=
golang.org/x/time v0.12.0/go.mod h1:CDIdPxbZBQxdj6cxyCIdrNogrJKMJ7pr37NYpMcMDSg=
golang.org/x/tools v0.44.0 h1:UP4ajHPIcuMjT1GqzDWRlalUEoY+uzoZKnhOjbIPD2c=
golang.org/x/tools v0.44.0/go.mod h1:KA0AfVErSdxRZIsOVipbv3rQhVXTnlU6UhKxHd1seDI=
gvisor.dev/gvisor v0.0.0-20260325202830-7644cf3a343c h1:w3Uo045oOIWkOgMikBpMryDRKRib+WzrzlqMbpG0xf0=
gvisor.dev/gvisor v0.0.0-20260325202830-7644cf3a343c/go.mod h1:xQ2PWgHmWJA/Ph4i1q1jBm39BKhc3W0DXqWoDSyuBOY=
